
Microsoft Visual Studio Solution File, Format Version 12.00
# Visual Studio for Mac
Project("{FAE04EC0-301F-11D3-BF4B-00C04F79EFBC}") = "Cool stuff", "Assembly-CSharp.csproj", "{68F67F58-8E0E-5FA0-1B4C-42F995625969}"
EndProject
Project("{FAE04EC0-301F-11D3-BF4B-00C04F79EFBC}") = "Cool stuff", "Assembly-CSharp-Editor.csproj", "{D10049F4-5574-EC97-70DD-0480D64A2E72}"
EndProject
Global
	GlobalSection(SolutionConfigurationPlatforms) = preSolution
		Debug|Any CPU = Debug|Any CPU
		Release|Any CPU = Release|Any CPU
	EndGlobalSection
	GlobalSection(ProjectConfigurationPlatforms) = postSolution
		{68F67F58-8E0E-5FA0-1B4C-42F995625969}.Debug|Any CPU.ActiveCfg = Debug|Any CPU
		{68F67F58-8E0E-5FA0-1B4C-42F995625969}.Debug|Any CPU.Build.0 = Debug|Any CPU
		{68F67F58-8E0E-5FA0-1B4C-42F995625969}.Release|Any CPU.ActiveCfg = Release|Any CPU
		{68F67F58-8E0E-5FA0-1B4C-42F995625969}.Release|Any CPU.Build.0 = Release|Any CPU
		{D10049F4-5574-EC97-70DD-0480D64A2E72}.Debug|Any CPU.ActiveCfg = Debug|Any CPU
		{D10049F4-5574-EC97-70DD-0480D64A2E72}.Debug|Any CPU.Build.0 = Debug|Any CPU
		{D10049F4-5574-EC97-70DD-0480D64A2E72}.Release|Any CPU.ActiveCfg = Release|Any CPU
		{D10049F4-5574-EC97-70DD-0480D64A2E72}.Release|Any CPU.Build.0 = Release|Any CPU
	EndGlobalSection
	GlobalSection(SolutionProperties) = preSolution
		HideSolutionNode = FALSE
	EndGlobalSection
EndGlobal
