
Microsoft Visual Studio Solution File, Format Version 12.00
# Visual Studio for Mac
Project("{FAE04EC0-301F-11D3-BF4B-00C04F79EFBC}") = "Assembly-CSharp", "Assembly-CSharp.csproj", "{C926D9F2-351E-582A-C417-92641FD544FA}"
EndProject
Project("{FAE04EC0-301F-11D3-BF4B-00C04F79EFBC}") = "Assembly-CSharp-Editor", "Assembly-CSharp-Editor.csproj", "{17B0F230-D7AA-7016-BF73-3A8C4E777FE6}"
EndProject
Global
	GlobalSection(SolutionConfigurationPlatforms) = preSolution
		Debug|Any CPU = Debug|Any CPU
		Release|Any CPU = Release|Any CPU
	EndGlobalSection
	GlobalSection(ProjectConfigurationPlatforms) = postSolution
		{C926D9F2-351E-582A-C417-92641FD544FA}.Debug|Any CPU.ActiveCfg = Debug|Any CPU
		{C926D9F2-351E-582A-C417-92641FD544FA}.Debug|Any CPU.Build.0 = Debug|Any CPU
		{C926D9F2-351E-582A-C417-92641FD544FA}.Release|Any CPU.ActiveCfg = Release|Any CPU
		{C926D9F2-351E-582A-C417-92641FD544FA}.Release|Any CPU.Build.0 = Release|Any CPU
		{17B0F230-D7AA-7016-BF73-3A8C4E777FE6}.Debug|Any CPU.ActiveCfg = Debug|Any CPU
		{17B0F230-D7AA-7016-BF73-3A8C4E777FE6}.Debug|Any CPU.Build.0 = Debug|Any CPU
		{17B0F230-D7AA-7016-BF73-3A8C4E777FE6}.Release|Any CPU.ActiveCfg = Release|Any CPU
		{17B0F230-D7AA-7016-BF73-3A8C4E777FE6}.Release|Any CPU.Build.0 = Release|Any CPU
	EndGlobalSection
	GlobalSection(SolutionProperties) = preSolution
		HideSolutionNode = FALSE
	EndGlobalSection
EndGlobal
